
Microsoft Visual Studio Solution File, Format Version 12.00
# Visual Studio Version 17
VisualStudioVersion = 17.0.31903.59
MinimumVisualStudioVersion = 10.0.40219.1
Project("{2150E333-8FDC-42A3-9474-1A3956D46DE8}") = "src", "src", "{827E0CD3-B72D-47B6-A68D-7590B98EB39B}"
EndProject
Project("{FAE04EC0-301F-11D3-BF4B-00C04F79EFBC}") = "Whitebird.Domain", "src\Whitebird.Domain\Whitebird.Domain.csproj", "{9021A170-0212-40D8-8DEC-DCD68247C272}"
EndProject
Project("{FAE04EC0-301F-11D3-BF4B-00C04F79EFBC}") = "Whitebird.App", "src\Whitebird.App\Whitebird.App.csproj", "{C7B7996A-3E59-4901-AE42-C6359DC3FA14}"
EndProject
Project("{FAE04EC0-301F-11D3-BF4B-00C04F79EFBC}") = "Whitebird.Infra", "src\Whitebird.Infra\Whitebird.Infra.csproj", "{33F020C6-B823-483C-A3CF-2A50CF0EDC2A}"
EndProject
Project("{FAE04EC0-301F-11D3-BF4B-00C04F79EFBC}") = "Whitebird.Migrations", "src\Whitebird.Migrations\Whitebird.Migrations.csproj", "{CFDD1957-E7AF-42FE-B500-D70835E58FFB}"
EndProject
Project("{FAE04EC0-301F-11D3-BF4B-00C04F79EFBC}") = "Whitebird.Api", "src\Whitebird.Api\Whitebird.Api.csproj", "{D1AC5ADC-EC25-4707-BB19-EBA96FDFD6CD}"
EndProject
Project("{FAE04EC0-301F-11D3-BF4B-00C04F79EFBC}") = "Whitebird.Helper", "src\Whitebird.Helper\Whitebird.Helper.csproj", "{B4EA02C5-F999-46A7-831D-DCDD9CB68D6E}"
EndProject
Global
	GlobalSection(SolutionConfigurationPlatforms) = preSolution
		Debug|Any CPU = Debug|Any CPU
		Debug|x64 = Debug|x64
		Debug|x86 = Debug|x86
		Release|Any CPU = Release|Any CPU
		Release|x64 = Release|x64
		Release|x86 = Release|x86
	EndGlobalSection
	GlobalSection(ProjectConfigurationPlatforms) = postSolution
		{9021A170-0212-40D8-8DEC-DCD68247C272}.Debug|Any CPU.ActiveCfg = Debug|Any CPU
		{9021A170-0212-40D8-8DEC-DCD68247C272}.Debug|Any CPU.Build.0 = Debug|Any CPU
		{9021A170-0212-40D8-8DEC-DCD68247C272}.Debug|x64.ActiveCfg = Debug|Any CPU
		{9021A170-0212-40D8-8DEC-DCD68247C272}.Debug|x64.Build.0 = Debug|Any CPU
		{9021A170-0212-40D8-8DEC-DCD68247C272}.Debug|x86.ActiveCfg = Debug|Any CPU
		{9021A170-0212-40D8-8DEC-DCD68247C272}.Debug|x86.Build.0 = Debug|Any CPU
		{9021A170-0212-40D8-8DEC-DCD68247C272}.Release|Any CPU.ActiveCfg = Release|Any CPU
		{9021A170-0212-40D8-8DEC-DCD68247C272}.Release|Any CPU.Build.0 = Release|Any CPU
		{9021A170-0212-40D8-8DEC-DCD68247C272}.Release|x64.ActiveCfg = Release|Any CPU
		{9021A170-0212-40D8-8DEC-DCD68247C272}.Release|x64.Build.0 = Release|Any CPU
		{9021A170-0212-40D8-8DEC-DCD68247C272}.Release|x86.ActiveCfg = Release|Any CPU
		{9021A170-0212-40D8-8DEC-DCD68247C272}.Release|x86.Build.0 = Release|Any CPU
		{C7B7996A-3E59-4901-AE42-C6359DC3FA14}.Debug|Any CPU.ActiveCfg = Debug|Any CPU
		{C7B7996A-3E59-4901-AE42-C6359DC3FA14}.Debug|Any CPU.Build.0 = Debug|Any CPU
		{C7B7996A-3E59-4901-AE42-C6359DC3FA14}.Debug|x64.ActiveCfg = Debug|Any CPU
		{C7B7996A-3E59-4901-AE42-C6359DC3FA14}.Debug|x64.Build.0 = Debug|Any CPU
		{C7B7996A-3E59-4901-AE42-C6359DC3FA14}.Debug|x86.ActiveCfg = Debug|Any CPU
		{C7B7996A-3E59-4901-AE42-C6359DC3FA14}.Debug|x86.Build.0 = Debug|Any CPU
		{C7B7996A-3E59-4901-AE42-C6359DC3FA14}.Release|Any CPU.ActiveCfg = Release|Any CPU
		{C7B7996A-3E59-4901-AE42-C6359DC3FA14}.Release|Any CPU.Build.0 = Release|Any CPU
		{C7B7996A-3E59-4901-AE42-C6359DC3FA14}.Release|x64.ActiveCfg = Release|Any CPU
		{C7B7996A-3E59-4901-AE42-C6359DC3FA14}.Release|x64.Build.0 = Release|Any CPU
		{C7B7996A-3E59-4901-AE42-C6359DC3FA14}.Release|x86.ActiveCfg = Release|Any CPU
		{C7B7996A-3E59-4901-AE42-C6359DC3FA14}.Release|x86.Build.0 = Release|Any CPU
		{33F020C6-B823-483C-A3CF-2A50CF0EDC2A}.Debug|Any CPU.ActiveCfg = Debug|Any CPU
		{33F020C6-B823-483C-A3CF-2A50CF0EDC2A}.Debug|Any CPU.Build.0 = Debug|Any CPU
		{33F020C6-B823-483C-A3CF-2A50CF0EDC2A}.Debug|x64.ActiveCfg = Debug|Any CPU
		{33F020C6-B823-483C-A3CF-2A50CF0EDC2A}.Debug|x64.Build.0 = Debug|Any CPU
		{33F020C6-B823-483C-A3CF-2A50CF0EDC2A}.Debug|x86.ActiveCfg = Debug|Any CPU
		{33F020C6-B823-483C-A3CF-2A50CF0EDC2A}.Debug|x86.Build.0 = Debug|Any CPU
		{33F020C6-B823-483C-A3CF-2A50CF0EDC2A}.Release|Any CPU.ActiveCfg = Release|Any CPU
		{33F020C6-B823-483C-A3CF-2A50CF0EDC2A}.Release|Any CPU.Build.0 = Release|Any CPU
		{33F020C6-B823-483C-A3CF-2A50CF0EDC2A}.Release|x64.ActiveCfg = Release|Any CPU
		{33F020C6-B823-483C-A3CF-2A50CF0EDC2A}.Release|x64.Build.0 = Release|Any CPU
		{33F020C6-B823-483C-A3CF-2A50CF0EDC2A}.Release|x86.ActiveCfg = Release|Any CPU
		{33F020C6-B823-483C-A3CF-2A50CF0EDC2A}.Release|x86.Build.0 = Release|Any CPU
		{CFDD1957-E7AF-42FE-B500-D70835E58FFB}.Debug|Any CPU.ActiveCfg = Debug|Any CPU
		{CFDD1957-E7AF-42FE-B500-D70835E58FFB}.Debug|Any CPU.Build.0 = Debug|Any CPU
		{CFDD1957-E7AF-42FE-B500-D70835E58FFB}.Debug|x64.ActiveCfg = Debug|Any CPU
		{CFDD1957-E7AF-42FE-B500-D70835E58FFB}.Debug|x64.Build.0 = Debug|Any CPU
		{CFDD1957-E7AF-42FE-B500-D70835E58FFB}.Debug|x86.ActiveCfg = Debug|Any CPU
		{CFDD1957-E7AF-42FE-B500-D70835E58FFB}.Debug|x86.Build.0 = Debug|Any CPU
		{CFDD1957-E7AF-42FE-B500-D70835E58FFB}.Release|Any CPU.ActiveCfg = Release|Any CPU
		{CFDD1957-E7AF-42FE-B500-D70835E58FFB}.Release|Any CPU.Build.0 = Release|Any CPU
		{CFDD1957-E7AF-42FE-B500-D70835E58FFB}.Release|x64.ActiveCfg = Release|Any CPU
		{CFDD1957-E7AF-42FE-B500-D70835E58FFB}.Release|x64.Build.0 = Release|Any CPU
		{CFDD1957-E7AF-42FE-B500-D70835E58FFB}.Release|x86.ActiveCfg = Release|Any CPU
		{CFDD1957-E7AF-42FE-B500-D70835E58FFB}.Release|x86.Build.0 = Release|Any CPU
		{D1AC5ADC-EC25-4707-BB19-EBA96FDFD6CD}.Debug|Any CPU.ActiveCfg = Debug|Any CPU
		{D1AC5ADC-EC25-4707-BB19-EBA96FDFD6CD}.Debug|Any CPU.Build.0 = Debug|Any CPU
		{D1AC5ADC-EC25-4707-BB19-EBA96FDFD6CD}.Debug|x64.ActiveCfg = Debug|Any CPU
		{D1AC5ADC-EC25-4707-BB19-EBA96FDFD6CD}.Debug|x64.Build.0 = Debug|Any CPU
		{D1AC5ADC-EC25-4707-BB19-EBA96FDFD6CD}.Debug|x86.ActiveCfg = Debug|Any CPU
		{D1AC5ADC-EC25-4707-BB19-EBA96FDFD6CD}.Debug|x86.Build.0 = Debug|Any CPU
		{D1AC5ADC-EC25-4707-BB19-EBA96FDFD6CD}.Release|Any CPU.ActiveCfg = Release|Any CPU
		{D1AC5ADC-EC25-4707-BB19-EBA96FDFD6CD}.Release|Any CPU.Build.0 = Release|Any CPU
		{D1AC5ADC-EC25-4707-BB19-EBA96FDFD6CD}.Release|x64.ActiveCfg = Release|Any CPU
		{D1AC5ADC-EC25-4707-BB19-EBA96FDFD6CD}.Release|x64.Build.0 = Release|Any CPU
		{D1AC5ADC-EC25-4707-BB19-EBA96FDFD6CD}.Release|x86.ActiveCfg = Release|Any CPU
		{D1AC5ADC-EC25-4707-BB19-EBA96FDFD6CD}.Release|x86.Build.0 = Release|Any CPU
		{B4EA02C5-F999-46A7-831D-DCDD9CB68D6E}.Debug|Any CPU.ActiveCfg = Debug|Any CPU
		{B4EA02C5-F999-46A7-831D-DCDD9CB68D6E}.Debug|Any CPU.Build.0 = Debug|Any CPU
		{B4EA02C5-F999-46A7-831D-DCDD9CB68D6E}.Debug|x64.ActiveCfg = Debug|Any CPU
		{B4EA02C5-F999-46A7-831D-DCDD9CB68D6E}.Debug|x64.Build.0 = Debug|Any CPU
		{B4EA02C5-F999-46A7-831D-DCDD9CB68D6E}.Debug|x86.ActiveCfg = Debug|Any CPU
		{B4EA02C5-F999-46A7-831D-DCDD9CB68D6E}.Debug|x86.Build.0 = Debug|Any CPU
		{B4EA02C5-F999-46A7-831D-DCDD9CB68D6E}.Release|Any CPU.ActiveCfg = Release|Any CPU
		{B4EA02C5-F999-46A7-831D-DCDD9CB68D6E}.Release|Any CPU.Build.0 = Release|Any CPU
		{B4EA02C5-F999-46A7-831D-DCDD9CB68D6E}.Release|x64.ActiveCfg = Release|Any CPU
		{B4EA02C5-F999-46A7-831D-DCDD9CB68D6E}.Release|x64.Build.0 = Release|Any CPU
		{B4EA02C5-F999-46A7-831D-DCDD9CB68D6E}.Release|x86.ActiveCfg = Release|Any CPU
		{B4EA02C5-F999-46A7-831D-DCDD9CB68D6E}.Release|x86.Build.0 = Release|Any CPU
	EndGlobalSection
	GlobalSection(SolutionProperties) = preSolution
		HideSolutionNode = FALSE
	EndGlobalSection
	GlobalSection(NestedProjects) = preSolution
		{9021A170-0212-40D8-8DEC-DCD68247C272} = {827E0CD3-B72D-47B6-A68D-7590B98EB39B}
		{C7B7996A-3E59-4901-AE42-C6359DC3FA14} = {827E0CD3-B72D-47B6-A68D-7590B98EB39B}
		{33F020C6-B823-483C-A3CF-2A50CF0EDC2A} = {827E0CD3-B72D-47B6-A68D-7590B98EB39B}
		{CFDD1957-E7AF-42FE-B500-D70835E58FFB} = {827E0CD3-B72D-47B6-A68D-7590B98EB39B}
		{D1AC5ADC-EC25-4707-BB19-EBA96FDFD6CD} = {827E0CD3-B72D-47B6-A68D-7590B98EB39B}
		{B4EA02C5-F999-46A7-831D-DCDD9CB68D6E} = {827E0CD3-B72D-47B6-A68D-7590B98EB39B}
	EndGlobalSection
EndGlobal
