
Microsoft Visual Studio Solution File, Format Version 12.00
# Visual Studio Version 17
VisualStudioVersion = 17.3.32901.215
MinimumVisualStudioVersion = 10.0.40219.1
Project("{9A19103F-16F7-4668-BE54-9A1E7A4F7556}") = "Whitebird.Api", "Whitebird.Api\Whitebird.Api.csproj", "{231B815C-9618-4C20-A48D-F39261B05FF5}"
EndProject
Project("{9A19103F-16F7-4668-BE54-9A1E7A4F7556}") = "Whitebird.Services", "Whitebird.Services\Whitebird.Services.csproj", "{0A747F4A-5CAC-4050-93A5-A739A8ACEDC2}"
EndProject
Project("{9A19103F-16F7-4668-BE54-9A1E7A4F7556}") = "Whitebird.Repository", "Whitebird.Repository\Whitebird.Repository.csproj", "{A6CAF44D-CBD9-427C-8BC0-C3CB9EE8D751}"
EndProject
Project("{9A19103F-16F7-4668-BE54-9A1E7A4F7556}") = "Whitebird.Models", "Whitebird.Models\Whitebird.Models.csproj", "{E47C1A58-167C-4E70-80E5-923780C01420}"
EndProject
Project("{9A19103F-16F7-4668-BE54-9A1E7A4F7556}") = "Whitebird.Helper", "Whitebird.Helper\Whitebird.Helper.csproj", "{15092643-4EA3-4383-9B16-5ADBD11AED97}"
EndProject
Project("{2150E333-8FDC-42A3-9474-1A3956D46DE8}") = "Docs", "Docs", "{C5C01B0C-CC79-41B8-915E-249B9B67F84E}"
EndProject
Project("{2150E333-8FDC-42A3-9474-1A3956D46DE8}") = "Build", "Build", "{0B66C6DF-3EFF-405A-AA60-1E31F2A59E92}"
EndProject
Project("{FAE04EC0-301F-11D3-BF4B-00C04F79EFBC}") = "Whitebird.Migrations", "Whitebird.Migrations\Whitebird.Migrations.csproj", "{3E8A5834-87FB-4152-B821-2162C66E71C6}"
EndProject
Global
	GlobalSection(SolutionConfigurationPlatforms) = preSolution
		Debug|Any CPU = Debug|Any CPU
		Debug|x64 = Debug|x64
		Debug|x86 = Debug|x86
		Release|Any CPU = Release|Any CPU
		Release|x64 = Release|x64
		Release|x86 = Release|x86
	EndGlobalSection
	GlobalSection(ProjectConfigurationPlatforms) = postSolution
		{231B815C-9618-4C20-A48D-F39261B05FF5}.Debug|Any CPU.ActiveCfg = Debug|Any CPU
		{231B815C-9618-4C20-A48D-F39261B05FF5}.Debug|Any CPU.Build.0 = Debug|Any CPU
		{231B815C-9618-4C20-A48D-F39261B05FF5}.Debug|x64.ActiveCfg = Debug|Any CPU
		{231B815C-9618-4C20-A48D-F39261B05FF5}.Debug|x64.Build.0 = Debug|Any CPU
		{231B815C-9618-4C20-A48D-F39261B05FF5}.Debug|x86.ActiveCfg = Debug|Any CPU
		{231B815C-9618-4C20-A48D-F39261B05FF5}.Debug|x86.Build.0 = Debug|Any CPU
		{231B815C-9618-4C20-A48D-F39261B05FF5}.Release|Any CPU.ActiveCfg = Release|Any CPU
		{231B815C-9618-4C20-A48D-F39261B05FF5}.Release|Any CPU.Build.0 = Release|Any CPU
		{231B815C-9618-4C20-A48D-F39261B05FF5}.Release|x64.ActiveCfg = Release|Any CPU
		{231B815C-9618-4C20-A48D-F39261B05FF5}.Release|x64.Build.0 = Release|Any CPU
		{231B815C-9618-4C20-A48D-F39261B05FF5}.Release|x86.ActiveCfg = Release|Any CPU
		{231B815C-9618-4C20-A48D-F39261B05FF5}.Release|x86.Build.0 = Release|Any CPU
		{0A747F4A-5CAC-4050-93A5-A739A8ACEDC2}.Debug|Any CPU.ActiveCfg = Debug|Any CPU
		{0A747F4A-5CAC-4050-93A5-A739A8ACEDC2}.Debug|Any CPU.Build.0 = Debug|Any CPU
		{0A747F4A-5CAC-4050-93A5-A739A8ACEDC2}.Debug|x64.ActiveCfg = Debug|Any CPU
		{0A747F4A-5CAC-4050-93A5-A739A8ACEDC2}.Debug|x64.Build.0 = Debug|Any CPU
		{0A747F4A-5CAC-4050-93A5-A739A8ACEDC2}.Debug|x86.ActiveCfg = Debug|Any CPU
		{0A747F4A-5CAC-4050-93A5-A739A8ACEDC2}.Debug|x86.Build.0 = Debug|Any CPU
		{0A747F4A-5CAC-4050-93A5-A739A8ACEDC2}.Release|Any CPU.ActiveCfg = Release|Any CPU
		{0A747F4A-5CAC-4050-93A5-A739A8ACEDC2}.Release|Any CPU.Build.0 = Release|Any CPU
		{0A747F4A-5CAC-4050-93A5-A739A8ACEDC2}.Release|x64.ActiveCfg = Release|Any CPU
		{0A747F4A-5CAC-4050-93A5-A739A8ACEDC2}.Release|x64.Build.0 = Release|Any CPU
		{0A747F4A-5CAC-4050-93A5-A739A8ACEDC2}.Release|x86.ActiveCfg = Release|Any CPU
		{0A747F4A-5CAC-4050-93A5-A739A8ACEDC2}.Release|x86.Build.0 = Release|Any CPU
		{A6CAF44D-CBD9-427C-8BC0-C3CB9EE8D751}.Debug|Any CPU.ActiveCfg = Debug|Any CPU
		{A6CAF44D-CBD9-427C-8BC0-C3CB9EE8D751}.Debug|Any CPU.Build.0 = Debug|Any CPU
		{A6CAF44D-CBD9-427C-8BC0-C3CB9EE8D751}.Debug|x64.ActiveCfg = Debug|Any CPU
		{A6CAF44D-CBD9-427C-8BC0-C3CB9EE8D751}.Debug|x64.Build.0 = Debug|Any CPU
		{A6CAF44D-CBD9-427C-8BC0-C3CB9EE8D751}.Debug|x86.ActiveCfg = Debug|Any CPU
		{A6CAF44D-CBD9-427C-8BC0-C3CB9EE8D751}.Debug|x86.Build.0 = Debug|Any CPU
		{A6CAF44D-CBD9-427C-8BC0-C3CB9EE8D751}.Release|Any CPU.ActiveCfg = Release|Any CPU
		{A6CAF44D-CBD9-427C-8BC0-C3CB9EE8D751}.Release|Any CPU.Build.0 = Release|Any CPU
		{A6CAF44D-CBD9-427C-8BC0-C3CB9EE8D751}.Release|x64.ActiveCfg = Release|Any CPU
		{A6CAF44D-CBD9-427C-8BC0-C3CB9EE8D751}.Release|x64.Build.0 = Release|Any CPU
		{A6CAF44D-CBD9-427C-8BC0-C3CB9EE8D751}.Release|x86.ActiveCfg = Release|Any CPU
		{A6CAF44D-CBD9-427C-8BC0-C3CB9EE8D751}.Release|x86.Build.0 = Release|Any CPU
		{E47C1A58-167C-4E70-80E5-923780C01420}.Debug|Any CPU.ActiveCfg = Debug|Any CPU
		{E47C1A58-167C-4E70-80E5-923780C01420}.Debug|Any CPU.Build.0 = Debug|Any CPU
		{E47C1A58-167C-4E70-80E5-923780C01420}.Debug|x64.ActiveCfg = Debug|Any CPU
		{E47C1A58-167C-4E70-80E5-923780C01420}.Debug|x64.Build.0 = Debug|Any CPU
		{E47C1A58-167C-4E70-80E5-923780C01420}.Debug|x86.ActiveCfg = Debug|Any CPU
		{E47C1A58-167C-4E70-80E5-923780C01420}.Debug|x86.Build.0 = Debug|Any CPU
		{E47C1A58-167C-4E70-80E5-923780C01420}.Release|Any CPU.ActiveCfg = Release|Any CPU
		{E47C1A58-167C-4E70-80E5-923780C01420}.Release|Any CPU.Build.0 = Release|Any CPU
		{E47C1A58-167C-4E70-80E5-923780C01420}.Release|x64.ActiveCfg = Release|Any CPU
		{E47C1A58-167C-4E70-80E5-923780C01420}.Release|x64.Build.0 = Release|Any CPU
		{E47C1A58-167C-4E70-80E5-923780C01420}.Release|x86.ActiveCfg = Release|Any CPU
		{E47C1A58-167C-4E70-80E5-923780C01420}.Release|x86.Build.0 = Release|Any CPU
		{15092643-4EA3-4383-9B16-5ADBD11AED97}.Debug|Any CPU.ActiveCfg = Debug|Any CPU
		{15092643-4EA3-4383-9B16-5ADBD11AED97}.Debug|Any CPU.Build.0 = Debug|Any CPU
		{15092643-4EA3-4383-9B16-5ADBD11AED97}.Debug|x64.ActiveCfg = Debug|Any CPU
		{15092643-4EA3-4383-9B16-5ADBD11AED97}.Debug|x64.Build.0 = Debug|Any CPU
		{15092643-4EA3-4383-9B16-5ADBD11AED97}.Debug|x86.ActiveCfg = Debug|Any CPU
		{15092643-4EA3-4383-9B16-5ADBD11AED97}.Debug|x86.Build.0 = Debug|Any CPU
		{15092643-4EA3-4383-9B16-5ADBD11AED97}.Release|Any CPU.ActiveCfg = Release|Any CPU
		{15092643-4EA3-4383-9B16-5ADBD11AED97}.Release|Any CPU.Build.0 = Release|Any CPU
		{15092643-4EA3-4383-9B16-5ADBD11AED97}.Release|x64.ActiveCfg = Release|Any CPU
		{15092643-4EA3-4383-9B16-5ADBD11AED97}.Release|x64.Build.0 = Release|Any CPU
		{15092643-4EA3-4383-9B16-5ADBD11AED97}.Release|x86.ActiveCfg = Release|Any CPU
		{15092643-4EA3-4383-9B16-5ADBD11AED97}.Release|x86.Build.0 = Release|Any CPU
		{3E8A5834-87FB-4152-B821-2162C66E71C6}.Debug|Any CPU.ActiveCfg = Debug|Any CPU
		{3E8A5834-87FB-4152-B821-2162C66E71C6}.Debug|Any CPU.Build.0 = Debug|Any CPU
		{3E8A5834-87FB-4152-B821-2162C66E71C6}.Debug|x64.ActiveCfg = Debug|Any CPU
		{3E8A5834-87FB-4152-B821-2162C66E71C6}.Debug|x64.Build.0 = Debug|Any CPU
		{3E8A5834-87FB-4152-B821-2162C66E71C6}.Debug|x86.ActiveCfg = Debug|Any CPU
		{3E8A5834-87FB-4152-B821-2162C66E71C6}.Debug|x86.Build.0 = Debug|Any CPU
		{3E8A5834-87FB-4152-B821-2162C66E71C6}.Release|Any CPU.ActiveCfg = Release|Any CPU
		{3E8A5834-87FB-4152-B821-2162C66E71C6}.Release|Any CPU.Build.0 = Release|Any CPU
		{3E8A5834-87FB-4152-B821-2162C66E71C6}.Release|x64.ActiveCfg = Release|Any CPU
		{3E8A5834-87FB-4152-B821-2162C66E71C6}.Release|x64.Build.0 = Release|Any CPU
		{3E8A5834-87FB-4152-B821-2162C66E71C6}.Release|x86.ActiveCfg = Release|Any CPU
		{3E8A5834-87FB-4152-B821-2162C66E71C6}.Release|x86.Build.0 = Release|Any CPU
	EndGlobalSection
	GlobalSection(SolutionProperties) = preSolution
		HideSolutionNode = FALSE
	EndGlobalSection
	GlobalSection(ExtensibilityGlobals) = postSolution
		SolutionGuid = {69E992EE-FD1E-4976-A2E5-BBDBBAC70B76}
	EndGlobalSection
EndGlobal
